
Microsoft Visual Studio Solution File, Format Version 12.00
# Visual Studio Version 16
VisualStudioVersion = 16.0.31424.327
MinimumVisualStudioVersion = 10.0.40219.1
Project("{FAE04EC0-301F-11D3-BF4B-00C04F79EFBC}") = "demoapp", "demoapp\demoapp.csproj", "{8C92296C-A706-49DE-8BD2-64249EDEF42C}"
EndProject
Global
	GlobalSection(SolutionConfigurationPlatforms) = preSolution
		Debug|Any CPU = Debug|Any CPU
		Release|Any CPU = Release|Any CPU
	EndGlobalSection
	GlobalSection(ProjectConfigurationPlatforms) = postSolution
		{8C92296C-A706-49DE-8BD2-64249EDEF42C}.Debug|Any CPU.ActiveCfg = Debug|Any CPU
		{8C92296C-A706-49DE-8BD2-64249EDEF42C}.Debug|Any CPU.Build.0 = Debug|Any CPU
		{8C92296C-A706-49DE-8BD2-64249EDEF42C}.Release|Any CPU.ActiveCfg = Release|Any CPU
		{8C92296C-A706-49DE-8BD2-64249EDEF42C}.Release|Any CPU.Build.0 = Release|Any CPU
	EndGlobalSection
	GlobalSection(SolutionProperties) = preSolution
		HideSolutionNode = FALSE
	EndGlobalSection
	GlobalSection(ExtensibilityGlobals) = postSolution
		SolutionGuid = {7B79F06D-2EEA-4984-8D6A-C2384F83EDC8}
	EndGlobalSection
EndGlobal
